
Microsoft Visual Studio Solution File, Format Version 12.00
# Visual Studio Version 17
VisualStudioVersion = 17.7.34202.233
MinimumVisualStudioVersion = 10.0.40219.1
Project("{FAE04EC0-301F-11D3-BF4B-00C04F79EFBC}") = "CSharpProject", "CSharpProject\CSharpProject.csproj", "{0F219226-C37F-4B54-8485-4C9D3CD1E897}"
EndProject
Global
	GlobalSection(SolutionConfigurationPlatforms) = preSolution
		Debug|Any CPU = Debug|Any CPU
		Release|Any CPU = Release|Any CPU
	EndGlobalSection
	GlobalSection(ProjectConfigurationPlatforms) = postSolution
		{0F219226-C37F-4B54-8485-4C9D3CD1E897}.Debug|Any CPU.ActiveCfg = Debug|Any CPU
		{0F219226-C37F-4B54-8485-4C9D3CD1E897}.Debug|Any CPU.Build.0 = Debug|Any CPU
		{0F219226-C37F-4B54-8485-4C9D3CD1E897}.Release|Any CPU.ActiveCfg = Release|Any CPU
		{0F219226-C37F-4B54-8485-4C9D3CD1E897}.Release|Any CPU.Build.0 = Release|Any CPU
	EndGlobalSection
	GlobalSection(SolutionProperties) = preSolution
		HideSolutionNode = FALSE
	EndGlobalSection
	GlobalSection(ExtensibilityGlobals) = postSolution
		SolutionGuid = {75FEB896-1AD4-4C94-A707-37488F5A8268}
	EndGlobalSection
EndGlobal
